{
  "name": "github",
  "version": "1.0.0",
  "lockfileVersion": 1,
  "requires": true,
  "dependencies": {
    "@minui/wxc-icon": {
      "version": "1.0.9",
      "resolved": "https://registry.npm.taobao.org/@minui/wxc-icon/download/@minui/wxc-icon-1.0.9.tgz"
    },
    "@minui/wxc-mask": {
      "version": "1.0.8",
      "resolved": "https://registry.npm.taobao.org/@minui/wxc-mask/download/@minui/wxc-mask-1.0.8.tgz"
    },
    "@minui/wxc-popup": {
      "version": "1.0.10",
      "resolved": "https://registry.npm.taobao.org/@minui/wxc-popup/download/@minui/wxc-popup-1.0.10.tgz",
      "requires": {
        "@minui/wxc-mask": "1.0.8"
      }
    },
    "moment": {
      "version": "2.24.0",
      "resolved": "https://registry.npm.taobao.org/moment/download/moment-2.24.0.tgz"
    },
    "wxc-calendar": {
      "version": "1.0.7",
      "resolved": "https://registry.npmjs.org/wxc-calendar/-/wxc-calendar-1.0.7.tgz",
      "integrity": "sha512-Cm2K2xfTMwyzIOltcjzkjzXmvriUkcax/PJKGnpSXHuOJTnmZkQl7fxAqRI6QIsfheUuAE5OTwjD5P8jZ80BTw==",
      "requires": {
        "@minui/wxc-icon": "^1.0.8",
        "@minui/wxc-popup": "^1.0.8",
        "moment": "^2.22.0"
      }
    }
  }
}
